// !$*UTF8*$!
{
	archiveVersion = 1;
	classes = {
	};
	objectVersion = 46;
	objects = {

/* Begin PBXBuildFile section */
		7607B65918288C220020034D /* libWeChatSDK.a in Frameworks */ = {isa = PBXBuildFile; fileRef = 7607B65618288C220020034D /* libWeChatSDK.a */; };
		7607B67D18288FF90020034D /* Default-568h@2x.png in Resources */ = {isa = PBXBuildFile; fileRef = 7607B65B18288FF90020034D /* Default-568h@2x.png */; };
		7607B67E18288FF90020034D /* Default@2x.png in Resources */ = {isa = PBXBuildFile; fileRef = 7607B65C18288FF90020034D /* Default@2x.png */; };
		7607B67F18288FF90020034D /* Icon.png in Resources */ = {isa = PBXBuildFile; fileRef = 7607B65D18288FF90020034D /* Icon.png */; };
		7607B68018288FF90020034D /* Icon@2x.png in Resources */ = {isa = PBXBuildFile; fileRef = 7607B65E18288FF90020034D /* Icon@2x.png */; };
		7607B6A1182890120020034D /* ContentCell.xib in Resources */ = {isa = PBXBuildFile; fileRef = 7607B69D182890120020034D /* ContentCell.xib */; };
		7607B6A2182890120020034D /* MainViewController.xib in Resources */ = {isa = PBXBuildFile; fileRef = 7607B69F182890120020034D /* MainViewController.xib */; };
		7607B6A7182890560020034D /* ContentCell.m in Sources */ = {isa = PBXBuildFile; fileRef = 7607B6A4182890560020034D /* ContentCell.m */; };
		7607B6A8182890560020034D /* MainViewController.m in Sources */ = {isa = PBXBuildFile; fileRef = 7607B6A6182890560020034D /* MainViewController.m */; };
		7607B6AA1828919C0020034D /* news.plist in Resources */ = {isa = PBXBuildFile; fileRef = 7607B6A91828919C0020034D /* news.plist */; };
		7694316C182A2FC900A4E99E /* BrowserViewController.m in Sources */ = {isa = PBXBuildFile; fileRef = 7694316A182A2FC900A4E99E /* BrowserViewController.m */; };
		7694316D182A2FC900A4E99E /* BrowserViewController.xib in Resources */ = {isa = PBXBuildFile; fileRef = 7694316B182A2FC900A4E99E /* BrowserViewController.xib */; };
		F050299E1505F71800C3E5E5 /* UIKit.framework in Frameworks */ = {isa = PBXBuildFile; fileRef = F050299D1505F71800C3E5E5 /* UIKit.framework */; };
		F05029A01505F71800C3E5E5 /* Foundation.framework in Frameworks */ = {isa = PBXBuildFile; fileRef = F050299F1505F71800C3E5E5 /* Foundation.framework */; };
		F05029A21505F71800C3E5E5 /* CoreGraphics.framework in Frameworks */ = {isa = PBXBuildFile; fileRef = F05029A11505F71800C3E5E5 /* CoreGraphics.framework */; };
		F0502A331505FE2300C3E5E5 /* main.m in Sources */ = {isa = PBXBuildFile; fileRef = F0502A301505FE2300C3E5E5 /* main.m */; };
		F0502A341505FE2300C3E5E5 /* ShareToWeiXin-Info.plist in Resources */ = {isa = PBXBuildFile; fileRef = F0502A311505FE2300C3E5E5 /* ShareToWeiXin-Info.plist */; };
		F0502A391505FE3D00C3E5E5 /* AppDelegate.m in Sources */ = {isa = PBXBuildFile; fileRef = F0502A361505FE3D00C3E5E5 /* AppDelegate.m */; };
/* End PBXBuildFile section */

/* Begin PBXFileReference section */
		7607B65618288C220020034D /* libWeChatSDK.a */ = {isa = PBXFileReference; lastKnownFileType = archive.ar; path = libWeChatSDK.a; sourceTree = "<group>"; };
		7607B65718288C220020034D /* WXApi.h */ = {isa = PBXFileReference; fileEncoding = 4; lastKnownFileType = sourcecode.c.h; path = WXApi.h; sourceTree = "<group>"; };
		7607B65818288C220020034D /* WXApiObject.h */ = {isa = PBXFileReference; fileEncoding = 4; lastKnownFileType = sourcecode.c.h; path = WXApiObject.h; sourceTree = "<group>"; };
		7607B65B18288FF90020034D /* Default-568h@2x.png */ = {isa = PBXFileReference; lastKnownFileType = image.png; path = "Default-568h@2x.png"; sourceTree = "<group>"; };
		7607B65C18288FF90020034D /* Default@2x.png */ = {isa = PBXFileReference; lastKnownFileType = image.png; path = "Default@2x.png"; sourceTree = "<group>"; };
		7607B65D18288FF90020034D /* Icon.png */ = {isa = PBXFileReference; lastKnownFileType = image.png; path = Icon.png; sourceTree = "<group>"; };
		7607B65E18288FF90020034D /* Icon@2x.png */ = {isa = PBXFileReference; lastKnownFileType = image.png; path = "Icon@2x.png"; sourceTree = "<group>"; };
		7607B69E182890120020034D /* en */ = {isa = PBXFileReference; lastKnownFileType = file.xib; name = en; path = en.lproj/ContentCell.xib; sourceTree = SOURCE_ROOT; };
		7607B6A0182890120020034D /* en */ = {isa = PBXFileReference; lastKnownFileType = file.xib; name = en; path = en.lproj/MainViewController.xib; sourceTree = SOURCE_ROOT; };
		7607B6A3182890560020034D /* ContentCell.h */ = {isa = PBXFileReference; fileEncoding = 4; lastKnownFileType = sourcecode.c.h; path = ContentCell.h; sourceTree = SOURCE_ROOT; };
		7607B6A4182890560020034D /* ContentCell.m */ = {isa = PBXFileReference; fileEncoding = 4; lastKnownFileType = sourcecode.c.objc; path = ContentCell.m; sourceTree = SOURCE_ROOT; };
		7607B6A5182890560020034D /* MainViewController.h */ = {isa = PBXFileReference; fileEncoding = 4; lastKnownFileType = sourcecode.c.h; path = MainViewController.h; sourceTree = SOURCE_ROOT; };
		7607B6A6182890560020034D /* MainViewController.m */ = {isa = PBXFileReference; fileEncoding = 4; lastKnownFileType = sourcecode.c.objc; path = MainViewController.m; sourceTree = SOURCE_ROOT; };
		7607B6A91828919C0020034D /* news.plist */ = {isa = PBXFileReference; fileEncoding = 4; lastKnownFileType = text.plist.xml; path = news.plist; sourceTree = SOURCE_ROOT; };
		76943169182A2FC900A4E99E /* BrowserViewController.h */ = {isa = PBXFileReference; fileEncoding = 4; lastKnownFileType = sourcecode.c.h; path = BrowserViewController.h; sourceTree = SOURCE_ROOT; };
		7694316A182A2FC900A4E99E /* BrowserViewController.m */ = {isa = PBXFileReference; fileEncoding = 4; lastKnownFileType = sourcecode.c.objc; path = BrowserViewController.m; sourceTree = SOURCE_ROOT; };
		7694316B182A2FC900A4E99E /* BrowserViewController.xib */ = {isa = PBXFileReference; fileEncoding = 4; lastKnownFileType = file.xib; path = BrowserViewController.xib; sourceTree = SOURCE_ROOT; };
		F05029991505F71700C3E5E5 /* ShareToWeiXin.app */ = {isa = PBXFileReference; explicitFileType = wrapper.application; includeInIndex = 0; path = ShareToWeiXin.app; sourceTree = BUILT_PRODUCTS_DIR; };
		F050299D1505F71800C3E5E5 /* UIKit.framework */ = {isa = PBXFileReference; lastKnownFileType = wrapper.framework; name = UIKit.framework; path = System/Library/Frameworks/UIKit.framework; sourceTree = SDKROOT; };
		F050299F1505F71800C3E5E5 /* Foundation.framework */ = {isa = PBXFileReference; lastKnownFileType = wrapper.framework; name = Foundation.framework; path = System/Library/Frameworks/Foundation.framework; sourceTree = SDKROOT; };
		F05029A11505F71800C3E5E5 /* CoreGraphics.framework */ = {isa = PBXFileReference; lastKnownFileType = wrapper.framework; name = CoreGraphics.framework; path = System/Library/Frameworks/CoreGraphics.framework; sourceTree = SDKROOT; };
		F0502A301505FE2300C3E5E5 /* main.m */ = {isa = PBXFileReference; fileEncoding = 4; lastKnownFileType = sourcecode.c.objc; path = main.m; sourceTree = SOURCE_ROOT; };
		F0502A311505FE2300C3E5E5 /* ShareToWeiXin-Info.plist */ = {isa = PBXFileReference; fileEncoding = 4; lastKnownFileType = text.plist.xml; path = "ShareToWeiXin-Info.plist"; sourceTree = SOURCE_ROOT; };
		F0502A321505FE2300C3E5E5 /* ShareToWeiXin-Prefix.pch */ = {isa = PBXFileReference; fileEncoding = 4; lastKnownFileType = sourcecode.c.h; path = "ShareToWeiXin-Prefix.pch"; sourceTree = SOURCE_ROOT; };
		F0502A351505FE3D00C3E5E5 /* AppDelegate.h */ = {isa = PBXFileReference; fileEncoding = 4; lastKnownFileType = sourcecode.c.h; path = AppDelegate.h; sourceTree = SOURCE_ROOT; };
		F0502A361505FE3D00C3E5E5 /* AppDelegate.m */ = {isa = PBXFileReference; fileEncoding = 4; lastKnownFileType = sourcecode.c.objc; path = AppDelegate.m; sourceTree = SOURCE_ROOT; };
/* End PBXFileReference section */

/* Begin PBXFrameworksBuildPhase section */
		F05029961505F71700C3E5E5 /* Frameworks */ = {
			isa = PBXFrameworksBuildPhase;
			buildActionMask = 2147483647;
			files = (
				F050299E1505F71800C3E5E5 /* UIKit.framework in Frameworks */,
				F05029A01505F71800C3E5E5 /* Foundation.framework in Frameworks */,
				7607B65918288C220020034D /* libWeChatSDK.a in Frameworks */,
				F05029A21505F71800C3E5E5 /* CoreGraphics.framework in Frameworks */,
			);
			runOnlyForDeploymentPostprocessing = 0;
		};
/* End PBXFrameworksBuildPhase section */

/* Begin PBXGroup section */
		7607B65518288C220020034D /* weixin_sdk */ = {
			isa = PBXGroup;
			children = (
				7607B65618288C220020034D /* libWeChatSDK.a */,
				7607B65718288C220020034D /* WXApi.h */,
				7607B65818288C220020034D /* WXApiObject.h */,
			);
			name = weixin_sdk;
			path = ../weixin_sdk;
			sourceTree = "<group>";
		};
		7607B65A18288FF90020034D /* Resources */ = {
			isa = PBXGroup;
			children = (
				7607B65B18288FF90020034D /* Default-568h@2x.png */,
				7607B65C18288FF90020034D /* Default@2x.png */,
				7607B65D18288FF90020034D /* Icon.png */,
				7607B65E18288FF90020034D /* Icon@2x.png */,
			);
			path = Resources;
			sourceTree = "<group>";
		};
		76943158182A2B7300A4E99E /* browser */ = {
			isa = PBXGroup;
			children = (
				76943169182A2FC900A4E99E /* BrowserViewController.h */,
				7694316A182A2FC900A4E99E /* BrowserViewController.m */,
				7694316B182A2FC900A4E99E /* BrowserViewController.xib */,
			);
			name = browser;
			sourceTree = "<group>";
		};
		76943159182A2BA500A4E99E /* main */ = {
			isa = PBXGroup;
			children = (
				7607B6A5182890560020034D /* MainViewController.h */,
				7607B6A6182890560020034D /* MainViewController.m */,
				7607B69F182890120020034D /* MainViewController.xib */,
				7694316E182B346900A4E99E /* content */,
			);
			name = main;
			sourceTree = "<group>";
		};
		7694316E182B346900A4E99E /* content */ = {
			isa = PBXGroup;
			children = (
				7607B6A3182890560020034D /* ContentCell.h */,
				7607B6A4182890560020034D /* ContentCell.m */,
				7607B69D182890120020034D /* ContentCell.xib */,
			);
			name = content;
			sourceTree = "<group>";
		};
		F050298E1505F71700C3E5E5 = {
			isa = PBXGroup;
			children = (
				7607B65A18288FF90020034D /* Resources */,
				7607B65518288C220020034D /* weixin_sdk */,
				F05029A31505F71800C3E5E5 /* ShareToWeiXin */,
				F050299C1505F71800C3E5E5 /* Frameworks */,
				F050299A1505F71700C3E5E5 /* Products */,
			);
			sourceTree = "<group>";
		};
		F050299A1505F71700C3E5E5 /* Products */ = {
			isa = PBXGroup;
			children = (
				F05029991505F71700C3E5E5 /* ShareToWeiXin.app */,
			);
			name = Products;
			sourceTree = "<group>";
		};
		F050299C1505F71800C3E5E5 /* Frameworks */ = {
			isa = PBXGroup;
			children = (
				F050299D1505F71800C3E5E5 /* UIKit.framework */,
				F050299F1505F71800C3E5E5 /* Foundation.framework */,
				F05029A11505F71800C3E5E5 /* CoreGraphics.framework */,
			);
			name = Frameworks;
			sourceTree = "<group>";
		};
		F05029A31505F71800C3E5E5 /* ShareToWeiXin */ = {
			isa = PBXGroup;
			children = (
				F0502A301505FE2300C3E5E5 /* main.m */,
				F0502A351505FE3D00C3E5E5 /* AppDelegate.h */,
				F0502A361505FE3D00C3E5E5 /* AppDelegate.m */,
				76943159182A2BA500A4E99E /* main */,
				76943158182A2B7300A4E99E /* browser */,
				F05029A41505F71800C3E5E5 /* Supporting Files */,
			);
			name = ShareToWeiXin;
			path = SDKSample;
			sourceTree = "<group>";
		};
		F05029A41505F71800C3E5E5 /* Supporting Files */ = {
			isa = PBXGroup;
			children = (
				7607B6A91828919C0020034D /* news.plist */,
				F0502A311505FE2300C3E5E5 /* ShareToWeiXin-Info.plist */,
				F0502A321505FE2300C3E5E5 /* ShareToWeiXin-Prefix.pch */,
			);
			name = "Supporting Files";
			sourceTree = "<group>";
		};
/* End PBXGroup section */

/* Begin PBXNativeTarget section */
		F05029981505F71700C3E5E5 /* ShareToWeiXin */ = {
			isa = PBXNativeTarget;
			buildConfigurationList = F05029BA1505F71800C3E5E5 /* Build configuration list for PBXNativeTarget "ShareToWeiXin" */;
			buildPhases = (
				F05029951505F71700C3E5E5 /* Sources */,
				F05029961505F71700C3E5E5 /* Frameworks */,
				F05029971505F71700C3E5E5 /* Resources */,
			);
			buildRules = (
			);
			dependencies = (
			);
			name = ShareToWeiXin;
			productName = SDKSample;
			productReference = F05029991505F71700C3E5E5 /* ShareToWeiXin.app */;
			productType = "com.apple.product-type.application";
		};
/* End PBXNativeTarget section */

/* Begin PBXProject section */
		F05029901505F71700C3E5E5 /* Project object */ = {
			isa = PBXProject;
			attributes = {
				LastUpgradeCheck = 0420;
			};
			buildConfigurationList = F05029931505F71700C3E5E5 /* Build configuration list for PBXProject "ShareToWeiXin" */;
			compatibilityVersion = "Xcode 3.2";
			developmentRegion = English;
			hasScannedForEncodings = 0;
			knownRegions = (
				en,
			);
			mainGroup = F050298E1505F71700C3E5E5;
			productRefGroup = F050299A1505F71700C3E5E5 /* Products */;
			projectDirPath = "";
			projectRoot = "";
			targets = (
				F05029981505F71700C3E5E5 /* ShareToWeiXin */,
			);
		};
/* End PBXProject section */

/* Begin PBXResourcesBuildPhase section */
		F05029971505F71700C3E5E5 /* Resources */ = {
			isa = PBXResourcesBuildPhase;
			buildActionMask = 2147483647;
			files = (
				F0502A341505FE2300C3E5E5 /* ShareToWeiXin-Info.plist in Resources */,
				7607B6AA1828919C0020034D /* news.plist in Resources */,
				7607B67D18288FF90020034D /* Default-568h@2x.png in Resources */,
				7607B67F18288FF90020034D /* Icon.png in Resources */,
				7694316D182A2FC900A4E99E /* BrowserViewController.xib in Resources */,
				7607B68018288FF90020034D /* Icon@2x.png in Resources */,
				7607B6A1182890120020034D /* ContentCell.xib in Resources */,
				7607B67E18288FF90020034D /* Default@2x.png in Resources */,
				7607B6A2182890120020034D /* MainViewController.xib in Resources */,
			);
			runOnlyForDeploymentPostprocessing = 0;
		};
/* End PBXResourcesBuildPhase section */

/* Begin PBXSourcesBuildPhase section */
		F05029951505F71700C3E5E5 /* Sources */ = {
			isa = PBXSourcesBuildPhase;
			buildActionMask = 2147483647;
			files = (
				7607B6A8182890560020034D /* MainViewController.m in Sources */,
				F0502A331505FE2300C3E5E5 /* main.m in Sources */,
				F0502A391505FE3D00C3E5E5 /* AppDelegate.m in Sources */,
				7607B6A7182890560020034D /* ContentCell.m in Sources */,
				7694316C182A2FC900A4E99E /* BrowserViewController.m in Sources */,
			);
			runOnlyForDeploymentPostprocessing = 0;
		};
/* End PBXSourcesBuildPhase section */

/* Begin PBXVariantGroup section */
		7607B69D182890120020034D /* ContentCell.xib */ = {
			isa = PBXVariantGroup;
			children = (
				7607B69E182890120020034D /* en */,
			);
			name = ContentCell.xib;
			sourceTree = "<group>";
		};
		7607B69F182890120020034D /* MainViewController.xib */ = {
			isa = PBXVariantGroup;
			children = (
				7607B6A0182890120020034D /* en */,
			);
			name = MainViewController.xib;
			sourceTree = "<group>";
		};
/* End PBXVariantGroup section */

/* Begin XCBuildConfiguration section */
		F05029B81505F71800C3E5E5 /* Debug */ = {
			isa = XCBuildConfiguration;
			buildSettings = {
				ALWAYS_SEARCH_USER_PATHS = NO;
				ARCHS = "$(ARCHS_STANDARD_32_BIT)";
				CODE_SIGN_IDENTITY = "iPhone Developer: xu cheng (74Q8MPK2MR)";
				"CODE_SIGN_IDENTITY[sdk=iphoneos*]" = "iPhone Developer: xu cheng (74Q8MPK2MR)";
				COPY_PHASE_STRIP = NO;
				GCC_C_LANGUAGE_STANDARD = gnu99;
				GCC_DYNAMIC_NO_PIC = NO;
				GCC_OPTIMIZATION_LEVEL = 0;
				GCC_PREPROCESSOR_DEFINITIONS = (
					"DEBUG=1",
					"$(inherited)",
				);
				GCC_SYMBOLS_PRIVATE_EXTERN = NO;
				GCC_VERSION = com.apple.compilers.llvm.clang.1_0;
				GCC_WARN_ABOUT_MISSING_PROTOTYPES = YES;
				GCC_WARN_ABOUT_RETURN_TYPE = YES;
				GCC_WARN_UNUSED_VARIABLE = YES;
				IPHONEOS_DEPLOYMENT_TARGET = 3.0;
				PROVISIONING_PROFILE = "";
				SDKROOT = iphoneos;
				TARGETED_DEVICE_FAMILY = "1,2";
			};
			name = Debug;
		};
		F05029B91505F71800C3E5E5 /* Release */ = {
			isa = XCBuildConfiguration;
			buildSettings = {
				ALWAYS_SEARCH_USER_PATHS = NO;
				ARCHS = "$(ARCHS_STANDARD_32_BIT)";
				CODE_SIGN_IDENTITY = "iPhone Developer: xu cheng (74Q8MPK2MR)";
				"CODE_SIGN_IDENTITY[sdk=iphoneos*]" = "iPhone Developer: xu cheng (74Q8MPK2MR)";
				COPY_PHASE_STRIP = YES;
				GCC_C_LANGUAGE_STANDARD = gnu99;
				GCC_VERSION = com.apple.compilers.llvm.clang.1_0;
				GCC_WARN_ABOUT_MISSING_PROTOTYPES = YES;
				GCC_WARN_ABOUT_RETURN_TYPE = YES;
				GCC_WARN_UNUSED_VARIABLE = YES;
				IPHONEOS_DEPLOYMENT_TARGET = 3.0;
				OTHER_CFLAGS = "-DNS_BLOCK_ASSERTIONS=1";
				PROVISIONING_PROFILE = "";
				SDKROOT = iphoneos;
				TARGETED_DEVICE_FAMILY = "1,2";
				VALIDATE_PRODUCT = YES;
			};
			name = Release;
		};
		F05029BB1505F71800C3E5E5 /* Debug */ = {
			isa = XCBuildConfiguration;
			buildSettings = {
				CODE_SIGN_IDENTITY = "iPhone Developer: xu cheng (74Q8MPK2MR)";
				GCC_PRECOMPILE_PREFIX_HEADER = YES;
				GCC_PREFIX_HEADER = "ShareToWeiXin-Prefix.pch";
				INFOPLIST_FILE = "ShareToWeiXin-Info.plist";
				IPHONEOS_DEPLOYMENT_TARGET = 4.3;
				LIBRARY_SEARCH_PATHS = /Users/karst/work/sh_wyx_project/app/ios/weixin_sdk;
				PRODUCT_NAME = ShareToWeiXin;
				PROVISIONING_PROFILE = "";
				WRAPPER_EXTENSION = app;
			};
			name = Debug;
		};
		F05029BC1505F71800C3E5E5 /* Release */ = {
			isa = XCBuildConfiguration;
			buildSettings = {
				CODE_SIGN_IDENTITY = "iPhone Developer: xu cheng (74Q8MPK2MR)";
				GCC_PRECOMPILE_PREFIX_HEADER = YES;
				GCC_PREFIX_HEADER = "ShareToWeiXin-Prefix.pch";
				INFOPLIST_FILE = "ShareToWeiXin-Info.plist";
				IPHONEOS_DEPLOYMENT_TARGET = 4.3;
				LIBRARY_SEARCH_PATHS = /Users/karst/work/sh_wyx_project/app/ios/weixin_sdk;
				PRODUCT_NAME = ShareToWeiXin;
				PROVISIONING_PROFILE = "";
				WRAPPER_EXTENSION = app;
			};
			name = Release;
		};
/* End XCBuildConfiguration section */

/* Begin XCConfigurationList section */
		F05029931505F71700C3E5E5 /* Build configuration list for PBXProject "ShareToWeiXin" */ = {
			isa = XCConfigurationList;
			buildConfigurations = (
				F05029B81505F71800C3E5E5 /* Debug */,
				F05029B91505F71800C3E5E5 /* Release */,
			);
			defaultConfigurationIsVisible = 0;
			defaultConfigurationName = Release;
		};
		F05029BA1505F71800C3E5E5 /* Build configuration list for PBXNativeTarget "ShareToWeiXin" */ = {
			isa = XCConfigurationList;
			buildConfigurations = (
				F05029BB1505F71800C3E5E5 /* Debug */,
				F05029BC1505F71800C3E5E5 /* Release */,
			);
			defaultConfigurationIsVisible = 0;
			defaultConfigurationName = Release;
		};
/* End XCConfigurationList section */
	};
	rootObject = F05029901505F71700C3E5E5 /* Project object */;
}
